<?xml version="1.0" encoding="utf-8"?>
<Project ToolsVersion="4.0" xmlns:atg="http://atg.xbox.com" xmlns="http://schemas.microsoft.com/developer/msbuild/2003">
  <ItemGroup>
    <Filter Include="Resource Files">
      <UniqueIdentifier>{8e114980-c1a3-4ada-ad7c-83caadf5daeb}</UniqueIdentifier>
      <Extensions>rc;ico;cur;bmp;dlg;rc2;rct;bin;rgs;gif;jpg;jpeg;jpe</Extensions>
    </Filter>
    <Filter Include="Shaders">
      <UniqueIdentifier>{2c3d4c8c-5d1a-459a-a05a-a4e4b608a44e}</UniqueIdentifier>
      <Extensions>fx;fxh;hlsl</Extensions>
    </Filter>
    <Filter Include="Objects">
      <UniqueIdentifier>{462523f4-7943-424e-aafe-e151f33e14fb}</UniqueIdentifier>
    </Filter>
    <Filter Include="Utility">
      <UniqueIdentifier>{45879f30-29ef-4498-9b19-64d480d2734a}</UniqueIdentifier>
    </Filter>
  </ItemGroup>
  <ItemGroup>
    <ClInclude Include="Application.h" />
    <ClInclude Include="StaticStructs.h" />
    <ClInclude Include="Camera.h" />
    <ClInclude Include="GameManager.h" />
    <ClInclude Include="StaticObject.h" />
    <ClInclude Include="MathsFunctions.h">
      <Filter>Utility</Filter>
    </ClInclude>
    <ClInclude Include="AppTime.h">
      <Filter>Utility</Filter>
    </ClInclude>
    <ClInclude Include="Ball.h">
      <Filter>Objects</Filter>
    </ClInclude>
    <ClInclude Include="Car.h">
      <Filter>Objects</Filter>
    </ClInclude>
    <ClInclude Include="Cube.h">
      <Filter>Objects</Filter>
    </ClInclude>
    <ClInclude Include="Dome.h">
      <Filter>Objects</Filter>
    </ClInclude>
    <ClInclude Include="Grid.h">
      <Filter>Objects</Filter>
    </ClInclude>
    <ClInclude Include="Object.h">
      <Filter>Objects</Filter>
    </ClInclude>
    <ClInclude Include="Pyramid.h">
      <Filter>Objects</Filter>
    </ClInclude>
    <ClInclude Include="OBJLoader.h">
      <Filter>Utility</Filter>
    </ClInclude>
    <ClInclude Include="Shader.h">
      <Filter>Utility</Filter>
    </ClInclude>
    <ClInclude Include="FileManager.h">
      <Filter>Utility</Filter>
    </ClInclude>
    <ClInclude Include="DDSTextureLoader.h">
      <Filter>Utility</Filter>
    </ClInclude>
  </ItemGroup>
  <ItemGroup>
    <ClCompile Include="Application.cpp" />
    <ClCompile Include="DX11 Framework.cpp" />
    <ClCompile Include="Camera.cpp" />
    <ClCompile Include="GameManager.cpp" />
    <ClCompile Include="StaticObject.cpp" />
    <ClCompile Include="MathsFunctions.cpp">
      <Filter>Utility</Filter>
    </ClCompile>
    <ClCompile Include="AppTime.cpp">
      <Filter>Utility</Filter>
    </ClCompile>
    <ClCompile Include="Ball.cpp">
      <Filter>Objects</Filter>
    </ClCompile>
    <ClCompile Include="Car.cpp">
      <Filter>Objects</Filter>
    </ClCompile>
    <ClCompile Include="Cube.cpp">
      <Filter>Objects</Filter>
    </ClCompile>
    <ClCompile Include="Dome.cpp">
      <Filter>Objects</Filter>
    </ClCompile>
    <ClCompile Include="Grid.cpp">
      <Filter>Objects</Filter>
    </ClCompile>
    <ClCompile Include="Object.cpp">
      <Filter>Objects</Filter>
    </ClCompile>
    <ClCompile Include="Pyramid.cpp">
      <Filter>Objects</Filter>
    </ClCompile>
    <ClCompile Include="OBJLoader.cpp">
      <Filter>Utility</Filter>
    </ClCompile>
    <ClCompile Include="Shader.cpp">
      <Filter>Utility</Filter>
    </ClCompile>
    <ClCompile Include="FileManager.cpp">
      <Filter>Utility</Filter>
    </ClCompile>
    <ClCompile Include="DDSTextureLoader.cpp">
      <Filter>Utility</Filter>
    </ClCompile>
  </ItemGroup>
  <ItemGroup>
    <CLInclude Include="resource.h">
      <Filter>Resource Files</Filter>
    </CLInclude>
  </ItemGroup>
  <ItemGroup>
    <None Include="DX11 Framework.fx">
      <Filter>Shaders</Filter>
    </None>
  </ItemGroup>
  <ItemGroup>
    <ResourceCompile Include="DX11 Framework.rc">
      <Filter>Resource Files</Filter>
    </ResourceCompile>
  </ItemGroup>
  <ItemGroup>
    <FxCompile Include="Shaders\TextureTiling.fx">
      <Filter>Shaders</Filter>
    </FxCompile>
  </ItemGroup>
</Project>