<?xml version="1.0" encoding="utf-8"?>
<Project ToolsVersion="4.0" xmlns:atg="http://atg.xbox.com" xmlns="http://schemas.microsoft.com/developer/msbuild/2003">
  <ItemGroup>
    <Filter Include="Resource Files">
      <UniqueIdentifier>{8e114980-c1a3-4ada-ad7c-83caadf5daeb}</UniqueIdentifier>
      <Extensions>rc;ico;cur;bmp;dlg;rc2;rct;bin;rgs;gif;jpg;jpeg;jpe</Extensions>
    </Filter>
    <Filter Include="Shaders">
      <UniqueIdentifier>{2c3d4c8c-5d1a-459a-a05a-a4e4b608a44e}</UniqueIdentifier>
      <Extensions>fx;fxh;hlsl</Extensions>
    </Filter>
    <Filter Include="Objects">
      <UniqueIdentifier>{462523f4-7943-424e-aafe-e151f33e14fb}</UniqueIdentifier>
    </Filter>
    <Filter Include="Utility">
      <UniqueIdentifier>{45879f30-29ef-4498-9b19-64d480d2734a}</UniqueIdentifier>
    </Filter>
    <Filter Include="Base Classes">
      <UniqueIdentifier>{d417ada7-0341-4620-b36a-14688baa28d0}</UniqueIdentifier>
    </Filter>
    <Filter Include="Cameras">
      <UniqueIdentifier>{bf490ba1-27df-46a2-b57e-60e31b4627b3}</UniqueIdentifier>
    </Filter>
    <Filter Include="Base Classes\Headers">
      <UniqueIdentifier>{7367fd30-1f94-4b50-8360-de06088cadf8}</UniqueIdentifier>
    </Filter>
    <Filter Include="Base Classes\Source">
      <UniqueIdentifier>{b4182d0d-71db-48d3-8859-e36d27d1ef97}</UniqueIdentifier>
    </Filter>
    <Filter Include="Cameras\Headers">
      <UniqueIdentifier>{cbdf9eda-f019-4f18-9d38-731aef1c1818}</UniqueIdentifier>
    </Filter>
    <Filter Include="Cameras\Source">
      <UniqueIdentifier>{e25b6619-3f81-47ca-b774-86a245982294}</UniqueIdentifier>
    </Filter>
    <Filter Include="Objects\Headers">
      <UniqueIdentifier>{9ffc0f3d-96e9-4a99-9587-05b88cd3b9e9}</UniqueIdentifier>
    </Filter>
    <Filter Include="Objects\Source">
      <UniqueIdentifier>{c54808ee-96de-4252-a057-23a788a88dd4}</UniqueIdentifier>
    </Filter>
    <Filter Include="Utility\Headers">
      <UniqueIdentifier>{9ffa4674-a38a-4f08-b0aa-d18c86d0566a}</UniqueIdentifier>
    </Filter>
    <Filter Include="Utility\Source">
      <UniqueIdentifier>{706e4a4b-e206-480d-b56d-92d77c861349}</UniqueIdentifier>
    </Filter>
    <Filter Include="Physics">
      <UniqueIdentifier>{aad7a81e-d8a4-4f25-ba84-38aa6f0a3db3}</UniqueIdentifier>
    </Filter>
    <Filter Include="Physics\Headers">
      <UniqueIdentifier>{1fd5250b-1b8f-4726-a2b9-fa057574f6a5}</UniqueIdentifier>
    </Filter>
    <Filter Include="Physics\Source">
      <UniqueIdentifier>{7a6c414d-4204-42aa-a19f-5a80097ea993}</UniqueIdentifier>
    </Filter>
  </ItemGroup>
  <ItemGroup>
    <ClInclude Include="Application.h">
      <Filter>Base Classes\Headers</Filter>
    </ClInclude>
    <ClInclude Include="GameManager.h">
      <Filter>Base Classes\Headers</Filter>
    </ClInclude>
    <ClInclude Include="AppTime.h">
      <Filter>Utility\Headers</Filter>
    </ClInclude>
    <ClInclude Include="DDSTextureLoader.h">
      <Filter>Utility\Headers</Filter>
    </ClInclude>
    <ClInclude Include="FileManager.h">
      <Filter>Utility\Headers</Filter>
    </ClInclude>
    <ClInclude Include="MathsFunctions.h">
      <Filter>Utility\Headers</Filter>
    </ClInclude>
    <ClInclude Include="OBJLoader.h">
      <Filter>Utility\Headers</Filter>
    </ClInclude>
    <ClInclude Include="Shader.h">
      <Filter>Utility\Headers</Filter>
    </ClInclude>
    <ClInclude Include="StaticStructs.h">
      <Filter>Utility\Headers</Filter>
    </ClInclude>
    <ClInclude Include="Ball.h">
      <Filter>Objects\Headers</Filter>
    </ClInclude>
    <ClInclude Include="Car.h">
      <Filter>Objects\Headers</Filter>
    </ClInclude>
    <ClInclude Include="Cube.h">
      <Filter>Objects\Headers</Filter>
    </ClInclude>
    <ClInclude Include="Dome.h">
      <Filter>Objects\Headers</Filter>
    </ClInclude>
    <ClInclude Include="Grid.h">
      <Filter>Objects\Headers</Filter>
    </ClInclude>
    <ClInclude Include="Object.h">
      <Filter>Objects\Headers</Filter>
    </ClInclude>
    <ClInclude Include="Pyramid.h">
      <Filter>Objects\Headers</Filter>
    </ClInclude>
    <ClInclude Include="Skybox.h">
      <Filter>Objects\Headers</Filter>
    </ClInclude>
    <ClInclude Include="Camera.h">
      <Filter>Cameras\Headers</Filter>
    </ClInclude>
    <ClInclude Include="ThirdPersonCamera.h">
      <Filter>Cameras\Headers</Filter>
    </ClInclude>
    <ClInclude Include="BumperCamera.h">
      <Filter>Cameras\Headers</Filter>
    </ClInclude>
    <ClInclude Include="Grass.h">
      <Filter>Objects\Headers</Filter>
    </ClInclude>
    <ClInclude Include="Billboard.h">
      <Filter>Objects\Headers</Filter>
    </ClInclude>
    <ClInclude Include="Goal.h">
      <Filter>Objects\Headers</Filter>
    </ClInclude>
    <ClInclude Include="Transform.h">
      <Filter>Base Classes\Headers</Filter>
    </ClInclude>
    <ClInclude Include="MassAggregate.h">
      <Filter>Physics\Headers</Filter>
    </ClInclude>
    <ClInclude Include="RigidBody.h">
      <Filter>Physics\Headers</Filter>
    </ClInclude>
    <ClInclude Include="Vector.h">
      <Filter>Utility\Headers</Filter>
    </ClInclude>
    <ClInclude Include="PhysicalObject.h">
      <Filter>Physics\Headers</Filter>
    </ClInclude>
    <ClInclude Include="Collision.h" />
    <ClInclude Include="Force.h">
      <Filter>Physics\Headers</Filter>
    </ClInclude>
  </ItemGroup>
  <ItemGroup>
    <ClCompile Include="Application.cpp">
      <Filter>Base Classes\Source</Filter>
    </ClCompile>
    <ClCompile Include="DX11 Framework.cpp">
      <Filter>Base Classes\Source</Filter>
    </ClCompile>
    <ClCompile Include="GameManager.cpp">
      <Filter>Base Classes\Source</Filter>
    </ClCompile>
    <ClCompile Include="AppTime.cpp">
      <Filter>Utility\Source</Filter>
    </ClCompile>
    <ClCompile Include="DDSTextureLoader.cpp">
      <Filter>Utility\Source</Filter>
    </ClCompile>
    <ClCompile Include="FileManager.cpp">
      <Filter>Utility\Source</Filter>
    </ClCompile>
    <ClCompile Include="MathsFunctions.cpp">
      <Filter>Utility\Source</Filter>
    </ClCompile>
    <ClCompile Include="OBJLoader.cpp">
      <Filter>Utility\Source</Filter>
    </ClCompile>
    <ClCompile Include="Shader.cpp">
      <Filter>Utility\Source</Filter>
    </ClCompile>
    <ClCompile Include="Ball.cpp">
      <Filter>Objects\Source</Filter>
    </ClCompile>
    <ClCompile Include="Car.cpp">
      <Filter>Objects\Source</Filter>
    </ClCompile>
    <ClCompile Include="Cube.cpp">
      <Filter>Objects\Source</Filter>
    </ClCompile>
    <ClCompile Include="Dome.cpp">
      <Filter>Objects\Source</Filter>
    </ClCompile>
    <ClCompile Include="Grid.cpp">
      <Filter>Objects\Source</Filter>
    </ClCompile>
    <ClCompile Include="Object.cpp">
      <Filter>Objects\Source</Filter>
    </ClCompile>
    <ClCompile Include="Pyramid.cpp">
      <Filter>Objects\Source</Filter>
    </ClCompile>
    <ClCompile Include="Skybox.cpp">
      <Filter>Objects\Source</Filter>
    </ClCompile>
    <ClCompile Include="Camera.cpp">
      <Filter>Cameras\Source</Filter>
    </ClCompile>
    <ClCompile Include="ThirdPersonCamera.cpp">
      <Filter>Cameras\Source</Filter>
    </ClCompile>
    <ClCompile Include="BumperCamera.cpp">
      <Filter>Cameras\Source</Filter>
    </ClCompile>
    <ClCompile Include="Grass.cpp">
      <Filter>Objects\Source</Filter>
    </ClCompile>
    <ClCompile Include="Billboard.cpp">
      <Filter>Objects\Source</Filter>
    </ClCompile>
    <ClCompile Include="Goal.cpp">
      <Filter>Objects\Source</Filter>
    </ClCompile>
    <ClCompile Include="Transform.cpp">
      <Filter>Base Classes\Source</Filter>
    </ClCompile>
    <ClCompile Include="MassAggregate.cpp">
      <Filter>Physics\Source</Filter>
    </ClCompile>
    <ClCompile Include="RigidBody.cpp">
      <Filter>Physics\Source</Filter>
    </ClCompile>
    <ClCompile Include="Vector.cpp">
      <Filter>Utility\Source</Filter>
    </ClCompile>
    <ClCompile Include="PhysicalObject.cpp">
      <Filter>Physics\Source</Filter>
    </ClCompile>
    <ClCompile Include="Collision.cpp" />
    <ClCompile Include="Force.cpp">
      <Filter>Physics\Source</Filter>
    </ClCompile>
  </ItemGroup>
  <ItemGroup>
    <CLInclude Include="resource.h">
      <Filter>Resource Files</Filter>
    </CLInclude>
  </ItemGroup>
  <ItemGroup>
    <None Include="Shaders\TextureTiling.fx">
      <Filter>Shaders</Filter>
    </None>
  </ItemGroup>
  <ItemGroup>
    <ResourceCompile Include="DX11 Framework.rc">
      <Filter>Resource Files</Filter>
    </ResourceCompile>
  </ItemGroup>
  <ItemGroup>
    <FxCompile Include="Shaders\DX11 Framework.fx">
      <Filter>Shaders</Filter>
    </FxCompile>
    <FxCompile Include="Shaders\Grass.fx">
      <Filter>Shaders</Filter>
    </FxCompile>
  </ItemGroup>
</Project>